
Microsoft Visual Studio Solution File, Format Version 12.00
# Visual Studio Version 17
VisualStudioVersion = 17.5.33516.290
MinimumVisualStudioVersion = 10.0.40219.1
Project("{FAE04EC0-301F-11D3-BF4B-00C04F79EFBC}") = "TPFinalDonoAlan", "TPFinalDonoAlan\TPFinalDonoAlan.csproj", "{312006EB-32C8-4E6F-AEBA-5B81214DE120}"
EndProject
Global
	GlobalSection(SolutionConfigurationPlatforms) = preSolution
		Debug|Any CPU = Debug|Any CPU
		Release|Any CPU = Release|Any CPU
	EndGlobalSection
	GlobalSection(ProjectConfigurationPlatforms) = postSolution
		{312006EB-32C8-4E6F-AEBA-5B81214DE120}.Debug|Any CPU.ActiveCfg = Debug|Any CPU
		{312006EB-32C8-4E6F-AEBA-5B81214DE120}.Debug|Any CPU.Build.0 = Debug|Any CPU
		{312006EB-32C8-4E6F-AEBA-5B81214DE120}.Release|Any CPU.ActiveCfg = Release|Any CPU
		{312006EB-32C8-4E6F-AEBA-5B81214DE120}.Release|Any CPU.Build.0 = Release|Any CPU
	EndGlobalSection
	GlobalSection(SolutionProperties) = preSolution
		HideSolutionNode = FALSE
	EndGlobalSection
	GlobalSection(ExtensibilityGlobals) = postSolution
		SolutionGuid = {3CE3F9FB-06AB-4A8B-94FF-C14EE0837740}
	EndGlobalSection
EndGlobal
